
Microsoft Visual Studio Solution File, Format Version 12.00
# Visual Studio Version 17
VisualStudioVersion = 17.12.35707.178
MinimumVisualStudioVersion = 10.0.40219.1
Project("{FAE04EC0-301F-11D3-BF4B-00C04F79EFBC}") = "LofiBeats.Cli", "src\LofiBeats.Cli\LofiBeats.Cli.csproj", "{D9426A39-8F9D-45CD-A63D-61CC8DDFD0A9}"
EndProject
Project("{FAE04EC0-301F-11D3-BF4B-00C04F79EFBC}") = "LofiBeats.Tests", "tests\LofiBeats.Tests\LofiBeats.Tests.csproj", "{A2C6C4C7-8073-47E0-898F-581751F3AD02}"
EndProject
Project("{2150E333-8FDC-42A3-9474-1A3956D46DE8}") = "docs", "docs", "{DAD93E08-5AEF-49CE-A8CB-56DD1464C985}"
	ProjectSection(SolutionItems) = preProject
		docs\INSTALL.md = docs\INSTALL.md
		README.md = README.md
	EndProjectSection
EndProject
Project("{FAE04EC0-301F-11D3-BF4B-00C04F79EFBC}") = "LofiBeats.Core", "src\LofiBeats.Core\LofiBeats.Core.csproj", "{F106366A-4BB3-4CB9-83E0-A152AF7B8B5E}"
EndProject
Project("{FAE04EC0-301F-11D3-BF4B-00C04F79EFBC}") = "LofiBeats.Service", "src\LofiBeats.Service\LofiBeats.Service.csproj", "{BE1E3FBF-C18B-47BD-A71E-9C79BAC699B8}"
EndProject
Project("{2150E333-8FDC-42A3-9474-1A3956D46DE8}") = "scripts", "scripts", "{8E506800-8169-4AF2-BB0A-59F36E1F73C2}"
	ProjectSection(SolutionItems) = preProject
		scripts\build.ps1 = scripts\build.ps1
		scripts\build.sh = scripts\build.sh
		scripts\publish.ps1 = scripts\publish.ps1
		scripts\publish.sh = scripts\publish.sh
		scripts\run-act.ps1 = scripts\run-act.ps1
		scripts\run-tests-linux.ps1 = scripts\run-tests-linux.ps1
		scripts\run.ps1 = scripts\run.ps1
		scripts\run.sh = scripts\run.sh
	EndProjectSection
EndProject
Project("{2150E333-8FDC-42A3-9474-1A3956D46DE8}") = "config", "config", "{9B7630DE-790E-45F1-9729-22937E29D726}"
	ProjectSection(SolutionItems) = preProject
		.editorconfig = .editorconfig
	EndProjectSection
EndProject
Project("{2150E333-8FDC-42A3-9474-1A3956D46DE8}") = "Solution Items", "Solution Items", "{34741FF5-65E7-4244-A484-2F06375F4138}"
	ProjectSection(SolutionItems) = preProject
		Directory.Packages.props = Directory.Packages.props
		Dockerfile.test = Dockerfile.test
	EndProjectSection
EndProject
Global
	GlobalSection(SolutionConfigurationPlatforms) = preSolution
		Debug|Any CPU = Debug|Any CPU
		Debug|x64 = Debug|x64
		Debug|x86 = Debug|x86
		Release|Any CPU = Release|Any CPU
		Release|x64 = Release|x64
		Release|x86 = Release|x86
	EndGlobalSection
	GlobalSection(ProjectConfigurationPlatforms) = postSolution
		{D9426A39-8F9D-45CD-A63D-61CC8DDFD0A9}.Debug|Any CPU.ActiveCfg = Debug|Any CPU
		{D9426A39-8F9D-45CD-A63D-61CC8DDFD0A9}.Debug|Any CPU.Build.0 = Debug|Any CPU
		{D9426A39-8F9D-45CD-A63D-61CC8DDFD0A9}.Debug|x64.ActiveCfg = Debug|Any CPU
		{D9426A39-8F9D-45CD-A63D-61CC8DDFD0A9}.Debug|x64.Build.0 = Debug|Any CPU
		{D9426A39-8F9D-45CD-A63D-61CC8DDFD0A9}.Debug|x86.ActiveCfg = Debug|Any CPU
		{D9426A39-8F9D-45CD-A63D-61CC8DDFD0A9}.Debug|x86.Build.0 = Debug|Any CPU
		{D9426A39-8F9D-45CD-A63D-61CC8DDFD0A9}.Release|Any CPU.ActiveCfg = Release|Any CPU
		{D9426A39-8F9D-45CD-A63D-61CC8DDFD0A9}.Release|Any CPU.Build.0 = Release|Any CPU
		{D9426A39-8F9D-45CD-A63D-61CC8DDFD0A9}.Release|x64.ActiveCfg = Release|Any CPU
		{D9426A39-8F9D-45CD-A63D-61CC8DDFD0A9}.Release|x64.Build.0 = Release|Any CPU
		{D9426A39-8F9D-45CD-A63D-61CC8DDFD0A9}.Release|x86.ActiveCfg = Release|Any CPU
		{D9426A39-8F9D-45CD-A63D-61CC8DDFD0A9}.Release|x86.Build.0 = Release|Any CPU
		{A2C6C4C7-8073-47E0-898F-581751F3AD02}.Debug|Any CPU.ActiveCfg = Debug|Any CPU
		{A2C6C4C7-8073-47E0-898F-581751F3AD02}.Debug|Any CPU.Build.0 = Debug|Any CPU
		{A2C6C4C7-8073-47E0-898F-581751F3AD02}.Debug|x64.ActiveCfg = Debug|Any CPU
		{A2C6C4C7-8073-47E0-898F-581751F3AD02}.Debug|x64.Build.0 = Debug|Any CPU
		{A2C6C4C7-8073-47E0-898F-581751F3AD02}.Debug|x86.ActiveCfg = Debug|Any CPU
		{A2C6C4C7-8073-47E0-898F-581751F3AD02}.Debug|x86.Build.0 = Debug|Any CPU
		{A2C6C4C7-8073-47E0-898F-581751F3AD02}.Release|Any CPU.ActiveCfg = Release|Any CPU
		{A2C6C4C7-8073-47E0-898F-581751F3AD02}.Release|Any CPU.Build.0 = Release|Any CPU
		{A2C6C4C7-8073-47E0-898F-581751F3AD02}.Release|x64.ActiveCfg = Release|Any CPU
		{A2C6C4C7-8073-47E0-898F-581751F3AD02}.Release|x64.Build.0 = Release|Any CPU
		{A2C6C4C7-8073-47E0-898F-581751F3AD02}.Release|x86.ActiveCfg = Release|Any CPU
		{A2C6C4C7-8073-47E0-898F-581751F3AD02}.Release|x86.Build.0 = Release|Any CPU
		{F106366A-4BB3-4CB9-83E0-A152AF7B8B5E}.Debug|Any CPU.ActiveCfg = Debug|Any CPU
		{F106366A-4BB3-4CB9-83E0-A152AF7B8B5E}.Debug|Any CPU.Build.0 = Debug|Any CPU
		{F106366A-4BB3-4CB9-83E0-A152AF7B8B5E}.Debug|x64.ActiveCfg = Debug|Any CPU
		{F106366A-4BB3-4CB9-83E0-A152AF7B8B5E}.Debug|x64.Build.0 = Debug|Any CPU
		{F106366A-4BB3-4CB9-83E0-A152AF7B8B5E}.Debug|x86.ActiveCfg = Debug|Any CPU
		{F106366A-4BB3-4CB9-83E0-A152AF7B8B5E}.Debug|x86.Build.0 = Debug|Any CPU
		{F106366A-4BB3-4CB9-83E0-A152AF7B8B5E}.Release|Any CPU.ActiveCfg = Release|Any CPU
		{F106366A-4BB3-4CB9-83E0-A152AF7B8B5E}.Release|Any CPU.Build.0 = Release|Any CPU
		{F106366A-4BB3-4CB9-83E0-A152AF7B8B5E}.Release|x64.ActiveCfg = Release|Any CPU
		{F106366A-4BB3-4CB9-83E0-A152AF7B8B5E}.Release|x64.Build.0 = Release|Any CPU
		{F106366A-4BB3-4CB9-83E0-A152AF7B8B5E}.Release|x86.ActiveCfg = Release|Any CPU
		{F106366A-4BB3-4CB9-83E0-A152AF7B8B5E}.Release|x86.Build.0 = Release|Any CPU
		{BE1E3FBF-C18B-47BD-A71E-9C79BAC699B8}.Debug|Any CPU.ActiveCfg = Debug|Any CPU
		{BE1E3FBF-C18B-47BD-A71E-9C79BAC699B8}.Debug|Any CPU.Build.0 = Debug|Any CPU
		{BE1E3FBF-C18B-47BD-A71E-9C79BAC699B8}.Debug|x64.ActiveCfg = Debug|Any CPU
		{BE1E3FBF-C18B-47BD-A71E-9C79BAC699B8}.Debug|x64.Build.0 = Debug|Any CPU
		{BE1E3FBF-C18B-47BD-A71E-9C79BAC699B8}.Debug|x86.ActiveCfg = Debug|Any CPU
		{BE1E3FBF-C18B-47BD-A71E-9C79BAC699B8}.Debug|x86.Build.0 = Debug|Any CPU
		{BE1E3FBF-C18B-47BD-A71E-9C79BAC699B8}.Release|Any CPU.ActiveCfg = Release|Any CPU
		{BE1E3FBF-C18B-47BD-A71E-9C79BAC699B8}.Release|Any CPU.Build.0 = Release|Any CPU
		{BE1E3FBF-C18B-47BD-A71E-9C79BAC699B8}.Release|x64.ActiveCfg = Release|Any CPU
		{BE1E3FBF-C18B-47BD-A71E-9C79BAC699B8}.Release|x64.Build.0 = Release|Any CPU
		{BE1E3FBF-C18B-47BD-A71E-9C79BAC699B8}.Release|x86.ActiveCfg = Release|Any CPU
		{BE1E3FBF-C18B-47BD-A71E-9C79BAC699B8}.Release|x86.Build.0 = Release|Any CPU
	EndGlobalSection
	GlobalSection(SolutionProperties) = preSolution
		HideSolutionNode = FALSE
	EndGlobalSection
	GlobalSection(ExtensibilityGlobals) = postSolution
		SolutionGuid = {34D5390E-3E3A-4209-8970-4C40F32DB004}
	EndGlobalSection
EndGlobal
